
Microsoft Visual Studio Solution File, Format Version 12.00
# Visual Studio Version 17
VisualStudioVersion = 17.0.31903.59
MinimumVisualStudioVersion = 10.0.40219.1
Project("{2150E333-8FDC-42A3-9474-1A3956D46DE8}") = "src", "src", "{827E0CD3-B72D-47B6-A68D-7590B98EB39B}"
EndProject
Project("{FAE04EC0-301F-11D3-BF4B-00C04F79EFBC}") = "PaperPulse.Contracts", "src\PaperPulse.Contracts\PaperPulse.Contracts.csproj", "{D0951A80-A4CF-4DC2-95A1-23C95C308FF2}"
EndProject
Project("{FAE04EC0-301F-11D3-BF4B-00C04F79EFBC}") = "PaperPulse.Engine", "src\PaperPulse.Engine\PaperPulse.Engine.csproj", "{5543A3AC-325F-4265-B127-F7D0E7366888}"
EndProject
Project("{FAE04EC0-301F-11D3-BF4B-00C04F79EFBC}") = "PaperPulse.Storage", "src\PaperPulse.Storage\PaperPulse.Storage.csproj", "{06FEB24C-554C-4400-9865-C4B8134C6235}"
EndProject
Project("{FAE04EC0-301F-11D3-BF4B-00C04F79EFBC}") = "PaperPulse.Pdf", "src\PaperPulse.Pdf\PaperPulse.Pdf.csproj", "{B2BC3BCB-FBC4-4B27-8949-B1A3BD908D8D}"
EndProject
Project("{2150E333-8FDC-42A3-9474-1A3956D46DE8}") = "tests", "tests", "{0AB3BF05-4346-4AA6-1389-037BE0695223}"
EndProject
Project("{FAE04EC0-301F-11D3-BF4B-00C04F79EFBC}") = "PaperPulse.Contracts.Tests", "tests\PaperPulse.Contracts.Tests\PaperPulse.Contracts.Tests.csproj", "{47C125CB-782E-49D0-BBEF-C21F6E8DC1F2}"
EndProject
Project("{FAE04EC0-301F-11D3-BF4B-00C04F79EFBC}") = "PaperPulse.Engine.Tests", "tests\PaperPulse.Engine.Tests\PaperPulse.Engine.Tests.csproj", "{69702C89-FDC8-4024-9E93-F82ACC3D8846}"
EndProject
Project("{FAE04EC0-301F-11D3-BF4B-00C04F79EFBC}") = "PaperPulse.Storage.Tests", "tests\PaperPulse.Storage.Tests\PaperPulse.Storage.Tests.csproj", "{EB0E3D37-D22C-4596-B68F-7110BF21AA76}"
EndProject
Global
	GlobalSection(SolutionConfigurationPlatforms) = preSolution
		Debug|Any CPU = Debug|Any CPU
		Debug|x64 = Debug|x64
		Debug|x86 = Debug|x86
		Release|Any CPU = Release|Any CPU
		Release|x64 = Release|x64
		Release|x86 = Release|x86
	EndGlobalSection
	GlobalSection(ProjectConfigurationPlatforms) = postSolution
		{D0951A80-A4CF-4DC2-95A1-23C95C308FF2}.Debug|Any CPU.ActiveCfg = Debug|Any CPU
		{D0951A80-A4CF-4DC2-95A1-23C95C308FF2}.Debug|Any CPU.Build.0 = Debug|Any CPU
		{D0951A80-A4CF-4DC2-95A1-23C95C308FF2}.Debug|x64.ActiveCfg = Debug|Any CPU
		{D0951A80-A4CF-4DC2-95A1-23C95C308FF2}.Debug|x64.Build.0 = Debug|Any CPU
		{D0951A80-A4CF-4DC2-95A1-23C95C308FF2}.Debug|x86.ActiveCfg = Debug|Any CPU
		{D0951A80-A4CF-4DC2-95A1-23C95C308FF2}.Debug|x86.Build.0 = Debug|Any CPU
		{D0951A80-A4CF-4DC2-95A1-23C95C308FF2}.Release|Any CPU.ActiveCfg = Release|Any CPU
		{D0951A80-A4CF-4DC2-95A1-23C95C308FF2}.Release|Any CPU.Build.0 = Release|Any CPU
		{D0951A80-A4CF-4DC2-95A1-23C95C308FF2}.Release|x64.ActiveCfg = Release|Any CPU
		{D0951A80-A4CF-4DC2-95A1-23C95C308FF2}.Release|x64.Build.0 = Release|Any CPU
		{D0951A80-A4CF-4DC2-95A1-23C95C308FF2}.Release|x86.ActiveCfg = Release|Any CPU
		{D0951A80-A4CF-4DC2-95A1-23C95C308FF2}.Release|x86.Build.0 = Release|Any CPU
		{5543A3AC-325F-4265-B127-F7D0E7366888}.Debug|Any CPU.ActiveCfg = Debug|Any CPU
		{5543A3AC-325F-4265-B127-F7D0E7366888}.Debug|Any CPU.Build.0 = Debug|Any CPU
		{5543A3AC-325F-4265-B127-F7D0E7366888}.Debug|x64.ActiveCfg = Debug|Any CPU
		{5543A3AC-325F-4265-B127-F7D0E7366888}.Debug|x64.Build.0 = Debug|Any CPU
		{5543A3AC-325F-4265-B127-F7D0E7366888}.Debug|x86.ActiveCfg = Debug|Any CPU
		{5543A3AC-325F-4265-B127-F7D0E7366888}.Debug|x86.Build.0 = Debug|Any CPU
		{5543A3AC-325F-4265-B127-F7D0E7366888}.Release|Any CPU.ActiveCfg = Release|Any CPU
		{5543A3AC-325F-4265-B127-F7D0E7366888}.Release|Any CPU.Build.0 = Release|Any CPU
		{5543A3AC-325F-4265-B127-F7D0E7366888}.Release|x64.ActiveCfg = Release|Any CPU
		{5543A3AC-325F-4265-B127-F7D0E7366888}.Release|x64.Build.0 = Release|Any CPU
		{5543A3AC-325F-4265-B127-F7D0E7366888}.Release|x86.ActiveCfg = Release|Any CPU
		{5543A3AC-325F-4265-B127-F7D0E7366888}.Release|x86.Build.0 = Release|Any CPU
		{06FEB24C-554C-4400-9865-C4B8134C6235}.Debug|Any CPU.ActiveCfg = Debug|Any CPU
		{06FEB24C-554C-4400-9865-C4B8134C6235}.Debug|Any CPU.Build.0 = Debug|Any CPU
		{06FEB24C-554C-4400-9865-C4B8134C6235}.Debug|x64.ActiveCfg = Debug|Any CPU
		{06FEB24C-554C-4400-9865-C4B8134C6235}.Debug|x64.Build.0 = Debug|Any CPU
		{06FEB24C-554C-4400-9865-C4B8134C6235}.Debug|x86.ActiveCfg = Debug|Any CPU
		{06FEB24C-554C-4400-9865-C4B8134C6235}.Debug|x86.Build.0 = Debug|Any CPU
		{06FEB24C-554C-4400-9865-C4B8134C6235}.Release|Any CPU.ActiveCfg = Release|Any CPU
		{06FEB24C-554C-4400-9865-C4B8134C6235}.Release|Any CPU.Build.0 = Release|Any CPU
		{06FEB24C-554C-4400-9865-C4B8134C6235}.Release|x64.ActiveCfg = Release|Any CPU
		{06FEB24C-554C-4400-9865-C4B8134C6235}.Release|x64.Build.0 = Release|Any CPU
		{06FEB24C-554C-4400-9865-C4B8134C6235}.Release|x86.ActiveCfg = Release|Any CPU
		{06FEB24C-554C-4400-9865-C4B8134C6235}.Release|x86.Build.0 = Release|Any CPU
		{B2BC3BCB-FBC4-4B27-8949-B1A3BD908D8D}.Debug|Any CPU.ActiveCfg = Debug|Any CPU
		{B2BC3BCB-FBC4-4B27-8949-B1A3BD908D8D}.Debug|Any CPU.Build.0 = Debug|Any CPU
		{B2BC3BCB-FBC4-4B27-8949-B1A3BD908D8D}.Debug|x64.ActiveCfg = Debug|Any CPU
		{B2BC3BCB-FBC4-4B27-8949-B1A3BD908D8D}.Debug|x64.Build.0 = Debug|Any CPU
		{B2BC3BCB-FBC4-4B27-8949-B1A3BD908D8D}.Debug|x86.ActiveCfg = Debug|Any CPU
		{B2BC3BCB-FBC4-4B27-8949-B1A3BD908D8D}.Debug|x86.Build.0 = Debug|Any CPU
		{B2BC3BCB-FBC4-4B27-8949-B1A3BD908D8D}.Release|Any CPU.ActiveCfg = Release|Any CPU
		{B2BC3BCB-FBC4-4B27-8949-B1A3BD908D8D}.Release|Any CPU.Build.0 = Release|Any CPU
		{B2BC3BCB-FBC4-4B27-8949-B1A3BD908D8D}.Release|x64.ActiveCfg = Release|Any CPU
		{B2BC3BCB-FBC4-4B27-8949-B1A3BD908D8D}.Release|x64.Build.0 = Release|Any CPU
		{B2BC3BCB-FBC4-4B27-8949-B1A3BD908D8D}.Release|x86.ActiveCfg = Release|Any CPU
		{B2BC3BCB-FBC4-4B27-8949-B1A3BD908D8D}.Release|x86.Build.0 = Release|Any CPU
		{47C125CB-782E-49D0-BBEF-C21F6E8DC1F2}.Debug|Any CPU.ActiveCfg = Debug|Any CPU
		{47C125CB-782E-49D0-BBEF-C21F6E8DC1F2}.Debug|Any CPU.Build.0 = Debug|Any CPU
		{47C125CB-782E-49D0-BBEF-C21F6E8DC1F2}.Debug|x64.ActiveCfg = Debug|Any CPU
		{47C125CB-782E-49D0-BBEF-C21F6E8DC1F2}.Debug|x64.Build.0 = Debug|Any CPU
		{47C125CB-782E-49D0-BBEF-C21F6E8DC1F2}.Debug|x86.ActiveCfg = Debug|Any CPU
		{47C125CB-782E-49D0-BBEF-C21F6E8DC1F2}.Debug|x86.Build.0 = Debug|Any CPU
		{47C125CB-782E-49D0-BBEF-C21F6E8DC1F2}.Release|Any CPU.ActiveCfg = Release|Any CPU
		{47C125CB-782E-49D0-BBEF-C21F6E8DC1F2}.Release|Any CPU.Build.0 = Release|Any CPU
		{47C125CB-782E-49D0-BBEF-C21F6E8DC1F2}.Release|x64.ActiveCfg = Release|Any CPU
		{47C125CB-782E-49D0-BBEF-C21F6E8DC1F2}.Release|x64.Build.0 = Release|Any CPU
		{47C125CB-782E-49D0-BBEF-C21F6E8DC1F2}.Release|x86.ActiveCfg = Release|Any CPU
		{47C125CB-782E-49D0-BBEF-C21F6E8DC1F2}.Release|x86.Build.0 = Release|Any CPU
		{69702C89-FDC8-4024-9E93-F82ACC3D8846}.Debug|Any CPU.ActiveCfg = Debug|Any CPU
		{69702C89-FDC8-4024-9E93-F82ACC3D8846}.Debug|Any CPU.Build.0 = Debug|Any CPU
		{69702C89-FDC8-4024-9E93-F82ACC3D8846}.Debug|x64.ActiveCfg = Debug|Any CPU
		{69702C89-FDC8-4024-9E93-F82ACC3D8846}.Debug|x64.Build.0 = Debug|Any CPU
		{69702C89-FDC8-4024-9E93-F82ACC3D8846}.Debug|x86.ActiveCfg = Debug|Any CPU
		{69702C89-FDC8-4024-9E93-F82ACC3D8846}.Debug|x86.Build.0 = Debug|Any CPU
		{69702C89-FDC8-4024-9E93-F82ACC3D8846}.Release|Any CPU.ActiveCfg = Release|Any CPU
		{69702C89-FDC8-4024-9E93-F82ACC3D8846}.Release|Any CPU.Build.0 = Release|Any CPU
		{69702C89-FDC8-4024-9E93-F82ACC3D8846}.Release|x64.ActiveCfg = Release|Any CPU
		{69702C89-FDC8-4024-9E93-F82ACC3D8846}.Release|x64.Build.0 = Release|Any CPU
		{69702C89-FDC8-4024-9E93-F82ACC3D8846}.Release|x86.ActiveCfg = Release|Any CPU
		{69702C89-FDC8-4024-9E93-F82ACC3D8846}.Release|x86.Build.0 = Release|Any CPU
		{EB0E3D37-D22C-4596-B68F-7110BF21AA76}.Debug|Any CPU.ActiveCfg = Debug|Any CPU
		{EB0E3D37-D22C-4596-B68F-7110BF21AA76}.Debug|Any CPU.Build.0 = Debug|Any CPU
		{EB0E3D37-D22C-4596-B68F-7110BF21AA76}.Debug|x64.ActiveCfg = Debug|Any CPU
		{EB0E3D37-D22C-4596-B68F-7110BF21AA76}.Debug|x64.Build.0 = Debug|Any CPU
		{EB0E3D37-D22C-4596-B68F-7110BF21AA76}.Debug|x86.ActiveCfg = Debug|Any CPU
		{EB0E3D37-D22C-4596-B68F-7110BF21AA76}.Debug|x86.Build.0 = Debug|Any CPU
		{EB0E3D37-D22C-4596-B68F-7110BF21AA76}.Release|Any CPU.ActiveCfg = Release|Any CPU
		{EB0E3D37-D22C-4596-B68F-7110BF21AA76}.Release|Any CPU.Build.0 = Release|Any CPU
		{EB0E3D37-D22C-4596-B68F-7110BF21AA76}.Release|x64.ActiveCfg = Release|Any CPU
		{EB0E3D37-D22C-4596-B68F-7110BF21AA76}.Release|x64.Build.0 = Release|Any CPU
		{EB0E3D37-D22C-4596-B68F-7110BF21AA76}.Release|x86.ActiveCfg = Release|Any CPU
		{EB0E3D37-D22C-4596-B68F-7110BF21AA76}.Release|x86.Build.0 = Release|Any CPU
	EndGlobalSection
	GlobalSection(SolutionProperties) = preSolution
		HideSolutionNode = FALSE
	EndGlobalSection
	GlobalSection(NestedProjects) = preSolution
		{D0951A80-A4CF-4DC2-95A1-23C95C308FF2} = {827E0CD3-B72D-47B6-A68D-7590B98EB39B}
		{5543A3AC-325F-4265-B127-F7D0E7366888} = {827E0CD3-B72D-47B6-A68D-7590B98EB39B}
		{06FEB24C-554C-4400-9865-C4B8134C6235} = {827E0CD3-B72D-47B6-A68D-7590B98EB39B}
		{B2BC3BCB-FBC4-4B27-8949-B1A3BD908D8D} = {827E0CD3-B72D-47B6-A68D-7590B98EB39B}
		{47C125CB-782E-49D0-BBEF-C21F6E8DC1F2} = {0AB3BF05-4346-4AA6-1389-037BE0695223}
		{69702C89-FDC8-4024-9E93-F82ACC3D8846} = {0AB3BF05-4346-4AA6-1389-037BE0695223}
		{EB0E3D37-D22C-4596-B68F-7110BF21AA76} = {0AB3BF05-4346-4AA6-1389-037BE0695223}
	EndGlobalSection
EndGlobal
